
Microsoft Visual Studio Solution File, Format Version 12.00
# Visual Studio Version 16
VisualStudioVersion = 16.0.31702.278
MinimumVisualStudioVersion = 10.0.40219.1
Project("{FAE04EC0-301F-11D3-BF4B-00C04F79EFBC}") = "FileSeparatorFromFile", "FileSeparatorFromFile\FileSeparatorFromFile.csproj", "{C0BE3D2B-FD49-4A31-8180-A749E0639876}"
EndProject
Global
	GlobalSection(SolutionConfigurationPlatforms) = preSolution
		Debug|Any CPU = Debug|Any CPU
		Release|Any CPU = Release|Any CPU
	EndGlobalSection
	GlobalSection(ProjectConfigurationPlatforms) = postSolution
		{C0BE3D2B-FD49-4A31-8180-A749E0639876}.Debug|Any CPU.ActiveCfg = Debug|Any CPU
		{C0BE3D2B-FD49-4A31-8180-A749E0639876}.Debug|Any CPU.Build.0 = Debug|Any CPU
		{C0BE3D2B-FD49-4A31-8180-A749E0639876}.Release|Any CPU.ActiveCfg = Release|Any CPU
		{C0BE3D2B-FD49-4A31-8180-A749E0639876}.Release|Any CPU.Build.0 = Release|Any CPU
	EndGlobalSection
	GlobalSection(SolutionProperties) = preSolution
		HideSolutionNode = FALSE
	EndGlobalSection
	GlobalSection(ExtensibilityGlobals) = postSolution
		SolutionGuid = {8E4EA910-1DFE-4F6A-84D7-049B9E38331D}
	EndGlobalSection
EndGlobal
